
Microsoft Visual Studio Solution File, Format Version 12.00
# Visual Studio Version 17
VisualStudioVersion = 17.6.33712.159
MinimumVisualStudioVersion = 10.0.40219.1
Project("{9A19103F-16F7-4668-BE54-9A1E7A4F7556}") = "QueueAPI", "QueueAPI.csproj", "{0F8834CA-FA40-4C79-AB2F-59A4C55E6C03}"
EndProject
Project("{9A19103F-16F7-4668-BE54-9A1E7A4F7556}") = "ChatApplication.Tests", "..\ChatApplication.Tests\ChatApplication.Tests.csproj", "{378D3030-554B-4CA7-AC9F-C61BAE821E6F}"
EndProject
Project("{9A19103F-16F7-4668-BE54-9A1E7A4F7556}") = "ChatApplication", "..\ChatApplication\ChatApplication.csproj", "{D38C5274-8F43-46A0-ADB3-081CB228D7B9}"
EndProject
Global
	GlobalSection(SolutionConfigurationPlatforms) = preSolution
		Debug|Any CPU = Debug|Any CPU
		Release|Any CPU = Release|Any CPU
	EndGlobalSection
	GlobalSection(ProjectConfigurationPlatforms) = postSolution
		{0F8834CA-FA40-4C79-AB2F-59A4C55E6C03}.Debug|Any CPU.ActiveCfg = Debug|Any CPU
		{0F8834CA-FA40-4C79-AB2F-59A4C55E6C03}.Debug|Any CPU.Build.0 = Debug|Any CPU
		{0F8834CA-FA40-4C79-AB2F-59A4C55E6C03}.Release|Any CPU.ActiveCfg = Release|Any CPU
		{0F8834CA-FA40-4C79-AB2F-59A4C55E6C03}.Release|Any CPU.Build.0 = Release|Any CPU
		{378D3030-554B-4CA7-AC9F-C61BAE821E6F}.Debug|Any CPU.ActiveCfg = Debug|Any CPU
		{378D3030-554B-4CA7-AC9F-C61BAE821E6F}.Debug|Any CPU.Build.0 = Debug|Any CPU
		{378D3030-554B-4CA7-AC9F-C61BAE821E6F}.Release|Any CPU.ActiveCfg = Release|Any CPU
		{378D3030-554B-4CA7-AC9F-C61BAE821E6F}.Release|Any CPU.Build.0 = Release|Any CPU
		{D38C5274-8F43-46A0-ADB3-081CB228D7B9}.Debug|Any CPU.ActiveCfg = Debug|Any CPU
		{D38C5274-8F43-46A0-ADB3-081CB228D7B9}.Debug|Any CPU.Build.0 = Debug|Any CPU
		{D38C5274-8F43-46A0-ADB3-081CB228D7B9}.Release|Any CPU.ActiveCfg = Release|Any CPU
		{D38C5274-8F43-46A0-ADB3-081CB228D7B9}.Release|Any CPU.Build.0 = Release|Any CPU
	EndGlobalSection
	GlobalSection(SolutionProperties) = preSolution
		HideSolutionNode = FALSE
	EndGlobalSection
	GlobalSection(ExtensibilityGlobals) = postSolution
		SolutionGuid = {2CFD9463-F725-4B6D-A355-54528C3A1C9A}
	EndGlobalSection
EndGlobal
